
Microsoft Visual Studio Solution File, Format Version 12.00
# Visual Studio 15
VisualStudioVersion = 15.0.28307.271
MinimumVisualStudioVersion = 10.0.40219.1
Project("{8BC9CEB8-8B4A-11D0-8D11-00A0C91BC942}") = "SoloGen", "SoloGen\SoloGen.vcxproj", "{78F7F2A3-4F26-45DF-BBA2-375B774A7938}"
EndProject
Global
	GlobalSection(SolutionConfigurationPlatforms) = preSolution
		Debug|x64 = Debug|x64
		Debug|x86 = Debug|x86
		Release|x64 = Release|x64
		Release|x86 = Release|x86
	EndGlobalSection
	GlobalSection(ProjectConfigurationPlatforms) = postSolution
		{78F7F2A3-4F26-45DF-BBA2-375B774A7938}.Debug|x64.ActiveCfg = Debug|x64
		{78F7F2A3-4F26-45DF-BBA2-375B774A7938}.Debug|x64.Build.0 = Debug|x64
		{78F7F2A3-4F26-45DF-BBA2-375B774A7938}.Debug|x86.ActiveCfg = Debug|Win32
		{78F7F2A3-4F26-45DF-BBA2-375B774A7938}.Debug|x86.Build.0 = Debug|Win32
		{78F7F2A3-4F26-45DF-BBA2-375B774A7938}.Release|x64.ActiveCfg = Release|x64
		{78F7F2A3-4F26-45DF-BBA2-375B774A7938}.Release|x64.Build.0 = Release|x64
		{78F7F2A3-4F26-45DF-BBA2-375B774A7938}.Release|x86.ActiveCfg = Release|Win32
		{78F7F2A3-4F26-45DF-BBA2-375B774A7938}.Release|x86.Build.0 = Release|Win32
	EndGlobalSection
	GlobalSection(SolutionProperties) = preSolution
		HideSolutionNode = FALSE
	EndGlobalSection
	GlobalSection(ExtensibilityGlobals) = postSolution
		SolutionGuid = {B24E0805-4C1E-4852-A2E7-8B849C21E3C6}
	EndGlobalSection
EndGlobal
